
Microsoft Visual Studio Solution File, Format Version 12.00
# Visual Studio 15
VisualStudioVersion = 15.0.28307.539
MinimumVisualStudioVersion = 10.0.40219.1
Project("{FAE04EC0-301F-11D3-BF4B-00C04F79EFBC}") = "Bigschool", "Bigschool\Bigschool.csproj", "{FE3478D6-2835-4DD1-98C0-7E612B16A034}"
EndProject
Global
	GlobalSection(SolutionConfigurationPlatforms) = preSolution
		Debug|Any CPU = Debug|Any CPU
		Release|Any CPU = Release|Any CPU
	EndGlobalSection
	GlobalSection(ProjectConfigurationPlatforms) = postSolution
		{FE3478D6-2835-4DD1-98C0-7E612B16A034}.Debug|Any CPU.ActiveCfg = Debug|Any CPU
		{FE3478D6-2835-4DD1-98C0-7E612B16A034}.Debug|Any CPU.Build.0 = Debug|Any CPU
		{FE3478D6-2835-4DD1-98C0-7E612B16A034}.Release|Any CPU.ActiveCfg = Release|Any CPU
		{FE3478D6-2835-4DD1-98C0-7E612B16A034}.Release|Any CPU.Build.0 = Release|Any CPU
	EndGlobalSection
	GlobalSection(SolutionProperties) = preSolution
		HideSolutionNode = FALSE
	EndGlobalSection
	GlobalSection(ExtensibilityGlobals) = postSolution
		SolutionGuid = {AD045960-0FC9-4A03-815A-1E2C741B7BEC}
	EndGlobalSection
EndGlobal
